
Microsoft Visual Studio Solution File, Format Version 12.00
# Visual Studio 15
VisualStudioVersion = 15.0.28307.779
MinimumVisualStudioVersion = 10.0.40219.1
Project("{FAE04EC0-301F-11D3-BF4B-00C04F79EFBC}") = "NETCourse1920_Nhom46", "NETCourse1920_Nhom46\NETCourse1920_Nhom46.csproj", "{8127AB4B-56B6-480E-A013-0230BC1806E8}"
EndProject
Global
	GlobalSection(SolutionConfigurationPlatforms) = preSolution
		Debug|Any CPU = Debug|Any CPU
		Release|Any CPU = Release|Any CPU
	EndGlobalSection
	GlobalSection(ProjectConfigurationPlatforms) = postSolution
		{8127AB4B-56B6-480E-A013-0230BC1806E8}.Debug|Any CPU.ActiveCfg = Debug|Any CPU
		{8127AB4B-56B6-480E-A013-0230BC1806E8}.Debug|Any CPU.Build.0 = Debug|Any CPU
		{8127AB4B-56B6-480E-A013-0230BC1806E8}.Release|Any CPU.ActiveCfg = Release|Any CPU
		{8127AB4B-56B6-480E-A013-0230BC1806E8}.Release|Any CPU.Build.0 = Release|Any CPU
	EndGlobalSection
	GlobalSection(SolutionProperties) = preSolution
		HideSolutionNode = FALSE
	EndGlobalSection
	GlobalSection(ExtensibilityGlobals) = postSolution
		SolutionGuid = {A0197EFA-470E-480A-AF50-76729E01FA3A}
	EndGlobalSection
EndGlobal
